// !$*UTF8*$!
{
	archiveVersion = 1;
	classes = {
	};
	objectVersion = 50;
	objects = {

/* Begin PBXBuildFile section */
		2400A4B621C66D4000767B08 /* Inventario.swift in Sources */ = {isa = PBXBuildFile; fileRef = 2400A4B521C66D4000767B08 /* Inventario.swift */; };
		2407622B21BEC9CB0044016F /* Menu.swift in Sources */ = {isa = PBXBuildFile; fileRef = 2407622A21BEC9CB0044016F /* Menu.swift */; };
		2407622D21BECCFA0044016F /* Tienda.swift in Sources */ = {isa = PBXBuildFile; fileRef = 2407622C21BECCFA0044016F /* Tienda.swift */; };
		2446B06321B9A63B00B9D0A7 /* AppDelegate.swift in Sources */ = {isa = PBXBuildFile; fileRef = 2446B06221B9A63B00B9D0A7 /* AppDelegate.swift */; };
		2446B06521B9A63B00B9D0A7 /* ViewController.swift in Sources */ = {isa = PBXBuildFile; fileRef = 2446B06421B9A63B00B9D0A7 /* ViewController.swift */; };
		2446B06821B9A63B00B9D0A7 /* Main.storyboard in Resources */ = {isa = PBXBuildFile; fileRef = 2446B06621B9A63B00B9D0A7 /* Main.storyboard */; };
		2446B06A21B9A63E00B9D0A7 /* Assets.xcassets in Resources */ = {isa = PBXBuildFile; fileRef = 2446B06921B9A63E00B9D0A7 /* Assets.xcassets */; };
		2446B06D21B9A63E00B9D0A7 /* LaunchScreen.storyboard in Resources */ = {isa = PBXBuildFile; fileRef = 2446B06B21B9A63E00B9D0A7 /* LaunchScreen.storyboard */; };
		2446B07821B9A63E00B9D0A7 /* DDofD2Tests.swift in Sources */ = {isa = PBXBuildFile; fileRef = 2446B07721B9A63E00B9D0A7 /* DDofD2Tests.swift */; };
		2446B08321B9A63F00B9D0A7 /* DDofD2UITests.swift in Sources */ = {isa = PBXBuildFile; fileRef = 2446B08221B9A63F00B9D0A7 /* DDofD2UITests.swift */; };
		2446B09321BABA0100B9D0A7 /* Heroe.swift in Sources */ = {isa = PBXBuildFile; fileRef = 2446B09221BABA0100B9D0A7 /* Heroe.swift */; };
		2446B09521BABD8800B9D0A7 /* Equipacion.swift in Sources */ = {isa = PBXBuildFile; fileRef = 2446B09421BABD8800B9D0A7 /* Equipacion.swift */; };
		2446B09721BABE8400B9D0A7 /* Item.swift in Sources */ = {isa = PBXBuildFile; fileRef = 2446B09621BABE8400B9D0A7 /* Item.swift */; };
		2446B09921BADD9C00B9D0A7 /* Monstruo.swift in Sources */ = {isa = PBXBuildFile; fileRef = 2446B09821BADD9C00B9D0A7 /* Monstruo.swift */; };
		24FEDBAB21CAA41100CB40AB /* PreBatalla.swift in Sources */ = {isa = PBXBuildFile; fileRef = 24FEDBAA21CAA41100CB40AB /* PreBatalla.swift */; };
/* End PBXBuildFile section */

/* Begin PBXContainerItemProxy section */
		2446B07421B9A63E00B9D0A7 /* PBXContainerItemProxy */ = {
			isa = PBXContainerItemProxy;
			containerPortal = 2446B05721B9A63B00B9D0A7 /* Project object */;
			proxyType = 1;
			remoteGlobalIDString = 2446B05E21B9A63B00B9D0A7;
			remoteInfo = DDofD2;
		};
		2446B07F21B9A63E00B9D0A7 /* PBXContainerItemProxy */ = {
			isa = PBXContainerItemProxy;
			containerPortal = 2446B05721B9A63B00B9D0A7 /* Project object */;
			proxyType = 1;
			remoteGlobalIDString = 2446B05E21B9A63B00B9D0A7;
			remoteInfo = DDofD2;
		};
/* End PBXContainerItemProxy section */

/* Begin PBXFileReference section */
		2400A4B521C66D4000767B08 /* Inventario.swift */ = {isa = PBXFileReference; lastKnownFileType = sourcecode.swift; path = Inventario.swift; sourceTree = "<group>"; };
		2407622A21BEC9CB0044016F /* Menu.swift */ = {isa = PBXFileReference; lastKnownFileType = sourcecode.swift; path = Menu.swift; sourceTree = "<group>"; };
		2407622C21BECCFA0044016F /* Tienda.swift */ = {isa = PBXFileReference; lastKnownFileType = sourcecode.swift; path = Tienda.swift; sourceTree = "<group>"; };
		2446B05F21B9A63B00B9D0A7 /* DDofD2.app */ = {isa = PBXFileReference; explicitFileType = wrapper.application; includeInIndex = 0; path = DDofD2.app; sourceTree = BUILT_PRODUCTS_DIR; };
		2446B06221B9A63B00B9D0A7 /* AppDelegate.swift */ = {isa = PBXFileReference; lastKnownFileType = sourcecode.swift; path = AppDelegate.swift; sourceTree = "<group>"; };
		2446B06421B9A63B00B9D0A7 /* ViewController.swift */ = {isa = PBXFileReference; lastKnownFileType = sourcecode.swift; path = ViewController.swift; sourceTree = "<group>"; };
		2446B06721B9A63B00B9D0A7 /* Base */ = {isa = PBXFileReference; lastKnownFileType = file.storyboard; name = Base; path = Base.lproj/Main.storyboard; sourceTree = "<group>"; };
		2446B06921B9A63E00B9D0A7 /* Assets.xcassets */ = {isa = PBXFileReference; lastKnownFileType = folder.assetcatalog; path = Assets.xcassets; sourceTree = "<group>"; };
		2446B06C21B9A63E00B9D0A7 /* Base */ = {isa = PBXFileReference; lastKnownFileType = file.storyboard; name = Base; path = Base.lproj/LaunchScreen.storyboard; sourceTree = "<group>"; };
		2446B06E21B9A63E00B9D0A7 /* Info.plist */ = {isa = PBXFileReference; lastKnownFileType = text.plist.xml; path = Info.plist; sourceTree = "<group>"; };
		2446B07321B9A63E00B9D0A7 /* DDofD2Tests.xctest */ = {isa = PBXFileReference; explicitFileType = wrapper.cfbundle; includeInIndex = 0; path = DDofD2Tests.xctest; sourceTree = BUILT_PRODUCTS_DIR; };
		2446B07721B9A63E00B9D0A7 /* DDofD2Tests.swift */ = {isa = PBXFileReference; lastKnownFileType = sourcecode.swift; path = DDofD2Tests.swift; sourceTree = "<group>"; };
		2446B07921B9A63E00B9D0A7 /* Info.plist */ = {isa = PBXFileReference; lastKnownFileType = text.plist.xml; path = Info.plist; sourceTree = "<group>"; };
		2446B07E21B9A63E00B9D0A7 /* DDofD2UITests.xctest */ = {isa = PBXFileReference; explicitFileType = wrapper.cfbundle; includeInIndex = 0; path = DDofD2UITests.xctest; sourceTree = BUILT_PRODUCTS_DIR; };
		2446B08221B9A63F00B9D0A7 /* DDofD2UITests.swift */ = {isa = PBXFileReference; lastKnownFileType = sourcecode.swift; path = DDofD2UITests.swift; sourceTree = "<group>"; };
		2446B08421B9A63F00B9D0A7 /* Info.plist */ = {isa = PBXFileReference; lastKnownFileType = text.plist.xml; path = Info.plist; sourceTree = "<group>"; };
		2446B09221BABA0100B9D0A7 /* Heroe.swift */ = {isa = PBXFileReference; lastKnownFileType = sourcecode.swift; path = Heroe.swift; sourceTree = "<group>"; };
		2446B09421BABD8800B9D0A7 /* Equipacion.swift */ = {isa = PBXFileReference; lastKnownFileType = sourcecode.swift; path = Equipacion.swift; sourceTree = "<group>"; };
		2446B09621BABE8400B9D0A7 /* Item.swift */ = {isa = PBXFileReference; lastKnownFileType = sourcecode.swift; path = Item.swift; sourceTree = "<group>"; };
		2446B09821BADD9C00B9D0A7 /* Monstruo.swift */ = {isa = PBXFileReference; lastKnownFileType = sourcecode.swift; path = Monstruo.swift; sourceTree = "<group>"; };
		24FEDBAA21CAA41100CB40AB /* PreBatalla.swift */ = {isa = PBXFileReference; lastKnownFileType = sourcecode.swift; path = PreBatalla.swift; sourceTree = "<group>"; };
/* End PBXFileReference section */

/* Begin PBXFrameworksBuildPhase section */
		2446B05C21B9A63B00B9D0A7 /* Frameworks */ = {
			isa = PBXFrameworksBuildPhase;
			buildActionMask = 2147483647;
			files = (
			);
			runOnlyForDeploymentPostprocessing = 0;
		};
		2446B07021B9A63E00B9D0A7 /* Frameworks */ = {
			isa = PBXFrameworksBuildPhase;
			buildActionMask = 2147483647;
			files = (
			);
			runOnlyForDeploymentPostprocessing = 0;
		};
		2446B07B21B9A63E00B9D0A7 /* Frameworks */ = {
			isa = PBXFrameworksBuildPhase;
			buildActionMask = 2147483647;
			files = (
			);
			runOnlyForDeploymentPostprocessing = 0;
		};
/* End PBXFrameworksBuildPhase section */

/* Begin PBXGroup section */
		2446B05621B9A63B00B9D0A7 = {
			isa = PBXGroup;
			children = (
				2446B06121B9A63B00B9D0A7 /* DDofD2 */,
				2446B07621B9A63E00B9D0A7 /* DDofD2Tests */,
				2446B08121B9A63F00B9D0A7 /* DDofD2UITests */,
				2446B06021B9A63B00B9D0A7 /* Products */,
			);
			sourceTree = "<group>";
		};
		2446B06021B9A63B00B9D0A7 /* Products */ = {
			isa = PBXGroup;
			children = (
				2446B05F21B9A63B00B9D0A7 /* DDofD2.app */,
				2446B07321B9A63E00B9D0A7 /* DDofD2Tests.xctest */,
				2446B07E21B9A63E00B9D0A7 /* DDofD2UITests.xctest */,
			);
			name = Products;
			sourceTree = "<group>";
		};
		2446B06121B9A63B00B9D0A7 /* DDofD2 */ = {
			isa = PBXGroup;
			children = (
				2407622A21BEC9CB0044016F /* Menu.swift */,
				24FEDBAA21CAA41100CB40AB /* PreBatalla.swift */,
				2407622C21BECCFA0044016F /* Tienda.swift */,
				2400A4B521C66D4000767B08 /* Inventario.swift */,
				2446B06221B9A63B00B9D0A7 /* AppDelegate.swift */,
				2446B06421B9A63B00B9D0A7 /* ViewController.swift */,
				2446B06621B9A63B00B9D0A7 /* Main.storyboard */,
				2446B06921B9A63E00B9D0A7 /* Assets.xcassets */,
				2446B06B21B9A63E00B9D0A7 /* LaunchScreen.storyboard */,
				2446B06E21B9A63E00B9D0A7 /* Info.plist */,
				2446B09221BABA0100B9D0A7 /* Heroe.swift */,
				2446B09421BABD8800B9D0A7 /* Equipacion.swift */,
				2446B09621BABE8400B9D0A7 /* Item.swift */,
				2446B09821BADD9C00B9D0A7 /* Monstruo.swift */,
			);
			path = DDofD2;
			sourceTree = "<group>";
		};
		2446B07621B9A63E00B9D0A7 /* DDofD2Tests */ = {
			isa = PBXGroup;
			children = (
				2446B07721B9A63E00B9D0A7 /* DDofD2Tests.swift */,
				2446B07921B9A63E00B9D0A7 /* Info.plist */,
			);
			path = DDofD2Tests;
			sourceTree = "<group>";
		};
		2446B08121B9A63F00B9D0A7 /* DDofD2UITests */ = {
			isa = PBXGroup;
			children = (
				2446B08221B9A63F00B9D0A7 /* DDofD2UITests.swift */,
				2446B08421B9A63F00B9D0A7 /* Info.plist */,
			);
			path = DDofD2UITests;
			sourceTree = "<group>";
		};
/* End PBXGroup section */

/* Begin PBXNativeTarget section */
		2446B05E21B9A63B00B9D0A7 /* DDofD2 */ = {
			isa = PBXNativeTarget;
			buildConfigurationList = 2446B08721B9A63F00B9D0A7 /* Build configuration list for PBXNativeTarget "DDofD2" */;
			buildPhases = (
				2446B05B21B9A63B00B9D0A7 /* Sources */,
				2446B05C21B9A63B00B9D0A7 /* Frameworks */,
				2446B05D21B9A63B00B9D0A7 /* Resources */,
			);
			buildRules = (
			);
			dependencies = (
			);
			name = DDofD2;
			productName = DDofD2;
			productReference = 2446B05F21B9A63B00B9D0A7 /* DDofD2.app */;
			productType = "com.apple.product-type.application";
		};
		2446B07221B9A63E00B9D0A7 /* DDofD2Tests */ = {
			isa = PBXNativeTarget;
			buildConfigurationList = 2446B08A21B9A63F00B9D0A7 /* Build configuration list for PBXNativeTarget "DDofD2Tests" */;
			buildPhases = (
				2446B06F21B9A63E00B9D0A7 /* Sources */,
				2446B07021B9A63E00B9D0A7 /* Frameworks */,
				2446B07121B9A63E00B9D0A7 /* Resources */,
			);
			buildRules = (
			);
			dependencies = (
				2446B07521B9A63E00B9D0A7 /* PBXTargetDependency */,
			);
			name = DDofD2Tests;
			productName = DDofD2Tests;
			productReference = 2446B07321B9A63E00B9D0A7 /* DDofD2Tests.xctest */;
			productType = "com.apple.product-type.bundle.unit-test";
		};
		2446B07D21B9A63E00B9D0A7 /* DDofD2UITests */ = {
			isa = PBXNativeTarget;
			buildConfigurationList = 2446B08D21B9A63F00B9D0A7 /* Build configuration list for PBXNativeTarget "DDofD2UITests" */;
			buildPhases = (
				2446B07A21B9A63E00B9D0A7 /* Sources */,
				2446B07B21B9A63E00B9D0A7 /* Frameworks */,
				2446B07C21B9A63E00B9D0A7 /* Resources */,
			);
			buildRules = (
			);
			dependencies = (
				2446B08021B9A63E00B9D0A7 /* PBXTargetDependency */,
			);
			name = DDofD2UITests;
			productName = DDofD2UITests;
			productReference = 2446B07E21B9A63E00B9D0A7 /* DDofD2UITests.xctest */;
			productType = "com.apple.product-type.bundle.ui-testing";
		};
/* End PBXNativeTarget section */

/* Begin PBXProject section */
		2446B05721B9A63B00B9D0A7 /* Project object */ = {
			isa = PBXProject;
			attributes = {
				LastSwiftUpdateCheck = 1010;
				LastUpgradeCheck = 1010;
				ORGANIZATIONNAME = "Borja S";
				TargetAttributes = {
					2446B05E21B9A63B00B9D0A7 = {
						CreatedOnToolsVersion = 10.1;
					};
					2446B07221B9A63E00B9D0A7 = {
						CreatedOnToolsVersion = 10.1;
						TestTargetID = 2446B05E21B9A63B00B9D0A7;
					};
					2446B07D21B9A63E00B9D0A7 = {
						CreatedOnToolsVersion = 10.1;
						TestTargetID = 2446B05E21B9A63B00B9D0A7;
					};
				};
			};
			buildConfigurationList = 2446B05A21B9A63B00B9D0A7 /* Build configuration list for PBXProject "DDofD2" */;
			compatibilityVersion = "Xcode 9.3";
			developmentRegion = en;
			hasScannedForEncodings = 0;
			knownRegions = (
				en,
				Base,
			);
			mainGroup = 2446B05621B9A63B00B9D0A7;
			productRefGroup = 2446B06021B9A63B00B9D0A7 /* Products */;
			projectDirPath = "";
			projectRoot = "";
			targets = (
				2446B05E21B9A63B00B9D0A7 /* DDofD2 */,
				2446B07221B9A63E00B9D0A7 /* DDofD2Tests */,
				2446B07D21B9A63E00B9D0A7 /* DDofD2UITests */,
			);
		};
/* End PBXProject section */

/* Begin PBXResourcesBuildPhase section */
		2446B05D21B9A63B00B9D0A7 /* Resources */ = {
			isa = PBXResourcesBuildPhase;
			buildActionMask = 2147483647;
			files = (
				2446B06D21B9A63E00B9D0A7 /* LaunchScreen.storyboard in Resources */,
				2446B06A21B9A63E00B9D0A7 /* Assets.xcassets in Resources */,
				2446B06821B9A63B00B9D0A7 /* Main.storyboard in Resources */,
			);
			runOnlyForDeploymentPostprocessing = 0;
		};
		2446B07121B9A63E00B9D0A7 /* Resources */ = {
			isa = PBXResourcesBuildPhase;
			buildActionMask = 2147483647;
			files = (
			);
			runOnlyForDeploymentPostprocessing = 0;
		};
		2446B07C21B9A63E00B9D0A7 /* Resources */ = {
			isa = PBXResourcesBuildPhase;
			buildActionMask = 2147483647;
			files = (
			);
			runOnlyForDeploymentPostprocessing = 0;
		};
/* End PBXResourcesBuildPhase section */

/* Begin PBXSourcesBuildPhase section */
		2446B05B21B9A63B00B9D0A7 /* Sources */ = {
			isa = PBXSourcesBuildPhase;
			buildActionMask = 2147483647;
			files = (
				2446B09921BADD9C00B9D0A7 /* Monstruo.swift in Sources */,
				2446B09721BABE8400B9D0A7 /* Item.swift in Sources */,
				2407622D21BECCFA0044016F /* Tienda.swift in Sources */,
				24FEDBAB21CAA41100CB40AB /* PreBatalla.swift in Sources */,
				2407622B21BEC9CB0044016F /* Menu.swift in Sources */,
				2400A4B621C66D4000767B08 /* Inventario.swift in Sources */,
				2446B06521B9A63B00B9D0A7 /* ViewController.swift in Sources */,
				2446B09521BABD8800B9D0A7 /* Equipacion.swift in Sources */,
				2446B06321B9A63B00B9D0A7 /* AppDelegate.swift in Sources */,
				2446B09321BABA0100B9D0A7 /* Heroe.swift in Sources */,
			);
			runOnlyForDeploymentPostprocessing = 0;
		};
		2446B06F21B9A63E00B9D0A7 /* Sources */ = {
			isa = PBXSourcesBuildPhase;
			buildActionMask = 2147483647;
			files = (
				2446B07821B9A63E00B9D0A7 /* DDofD2Tests.swift in Sources */,
			);
			runOnlyForDeploymentPostprocessing = 0;
		};
		2446B07A21B9A63E00B9D0A7 /* Sources */ = {
			isa = PBXSourcesBuildPhase;
			buildActionMask = 2147483647;
			files = (
				2446B08321B9A63F00B9D0A7 /* DDofD2UITests.swift in Sources */,
			);
			runOnlyForDeploymentPostprocessing = 0;
		};
/* End PBXSourcesBuildPhase section */

/* Begin PBXTargetDependency section */
		2446B07521B9A63E00B9D0A7 /* PBXTargetDependency */ = {
			isa = PBXTargetDependency;
			target = 2446B05E21B9A63B00B9D0A7 /* DDofD2 */;
			targetProxy = 2446B07421B9A63E00B9D0A7 /* PBXContainerItemProxy */;
		};
		2446B08021B9A63E00B9D0A7 /* PBXTargetDependency */ = {
			isa = PBXTargetDependency;
			target = 2446B05E21B9A63B00B9D0A7 /* DDofD2 */;
			targetProxy = 2446B07F21B9A63E00B9D0A7 /* PBXContainerItemProxy */;
		};
/* End PBXTargetDependency section */

/* Begin PBXVariantGroup section */
		2446B06621B9A63B00B9D0A7 /* Main.storyboard */ = {
			isa = PBXVariantGroup;
			children = (
				2446B06721B9A63B00B9D0A7 /* Base */,
			);
			name = Main.storyboard;
			sourceTree = "<group>";
		};
		2446B06B21B9A63E00B9D0A7 /* LaunchScreen.storyboard */ = {
			isa = PBXVariantGroup;
			children = (
				2446B06C21B9A63E00B9D0A7 /* Base */,
			);
			name = LaunchScreen.storyboard;
			sourceTree = "<group>";
		};
/* End PBXVariantGroup section */

/* Begin XCBuildConfiguration section */
		2446B08521B9A63F00B9D0A7 /* Debug */ = {
			isa = XCBuildConfiguration;
			buildSettings = {
				ALWAYS_SEARCH_USER_PATHS = NO;
				CLANG_ANALYZER_NONNULL = YES;
				CLANG_ANALYZER_NUMBER_OBJECT_CONVERSION = YES_AGGRESSIVE;
				CLANG_CXX_LANGUAGE_STANDARD = "gnu++14";
				CLANG_CXX_LIBRARY = "libc++";
				CLANG_ENABLE_MODULES = YES;
				CLANG_ENABLE_OBJC_ARC = YES;
				CLANG_ENABLE_OBJC_WEAK = YES;
				CLANG_WARN_BLOCK_CAPTURE_AUTORELEASING = YES;
				CLANG_WARN_BOOL_CONVERSION = YES;
				CLANG_WARN_COMMA = YES;
				CLANG_WARN_CONSTANT_CONVERSION = YES;
				CLANG_WARN_DEPRECATED_OBJC_IMPLEMENTATIONS = YES;
				CLANG_WARN_DIRECT_OBJC_ISA_USAGE = YES_ERROR;
				CLANG_WARN_DOCUMENTATION_COMMENTS = YES;
				CLANG_WARN_EMPTY_BODY = YES;
				CLANG_WARN_ENUM_CONVERSION = YES;
				CLANG_WARN_INFINITE_RECURSION = YES;
				CLANG_WARN_INT_CONVERSION = YES;
				CLANG_WARN_NON_LITERAL_NULL_CONVERSION = YES;
				CLANG_WARN_OBJC_IMPLICIT_RETAIN_SELF = YES;
				CLANG_WARN_OBJC_LITERAL_CONVERSION = YES;
				CLANG_WARN_OBJC_ROOT_CLASS = YES_ERROR;
				CLANG_WARN_RANGE_LOOP_ANALYSIS = YES;
				CLANG_WARN_STRICT_PROTOTYPES = YES;
				CLANG_WARN_SUSPICIOUS_MOVE = YES;
				CLANG_WARN_UNGUARDED_AVAILABILITY = YES_AGGRESSIVE;
				CLANG_WARN_UNREACHABLE_CODE = YES;
				CLANG_WARN__DUPLICATE_METHOD_MATCH = YES;
				CODE_SIGN_IDENTITY = "iPhone Developer";
				COPY_PHASE_STRIP = NO;
				DEBUG_INFORMATION_FORMAT = dwarf;
				ENABLE_STRICT_OBJC_MSGSEND = YES;
				ENABLE_TESTABILITY = YES;
				GCC_C_LANGUAGE_STANDARD = gnu11;
				GCC_DYNAMIC_NO_PIC = NO;
				GCC_NO_COMMON_BLOCKS = YES;
				GCC_OPTIMIZATION_LEVEL = 0;
				GCC_PREPROCESSOR_DEFINITIONS = (
					"DEBUG=1",
					"$(inherited)",
				);
				GCC_WARN_64_TO_32_BIT_CONVERSION = YES;
				GCC_WARN_ABOUT_RETURN_TYPE = YES_ERROR;
				GCC_WARN_UNDECLARED_SELECTOR = YES;
				GCC_WARN_UNINITIALIZED_AUTOS = YES_AGGRESSIVE;
				GCC_WARN_UNUSED_FUNCTION = YES;
				GCC_WARN_UNUSED_VARIABLE = YES;
				IPHONEOS_DEPLOYMENT_TARGET = 12.1;
				MTL_ENABLE_DEBUG_INFO = INCLUDE_SOURCE;
				MTL_FAST_MATH = YES;
				ONLY_ACTIVE_ARCH = YES;
				SDKROOT = iphoneos;
				SWIFT_ACTIVE_COMPILATION_CONDITIONS = DEBUG;
				SWIFT_OPTIMIZATION_LEVEL = "-Onone";
			};
			name = Debug;
		};
		2446B08621B9A63F00B9D0A7 /* Release */ = {
			isa = XCBuildConfiguration;
			buildSettings = {
				ALWAYS_SEARCH_USER_PATHS = NO;
				CLANG_ANALYZER_NONNULL = YES;
				CLANG_ANALYZER_NUMBER_OBJECT_CONVERSION = YES_AGGRESSIVE;
				CLANG_CXX_LANGUAGE_STANDARD = "gnu++14";
				CLANG_CXX_LIBRARY = "libc++";
				CLANG_ENABLE_MODULES = YES;
				CLANG_ENABLE_OBJC_ARC = YES;
				CLANG_ENABLE_OBJC_WEAK = YES;
				CLANG_WARN_BLOCK_CAPTURE_AUTORELEASING = YES;
				CLANG_WARN_BOOL_CONVERSION = YES;
				CLANG_WARN_COMMA = YES;
				CLANG_WARN_CONSTANT_CONVERSION = YES;
				CLANG_WARN_DEPRECATED_OBJC_IMPLEMENTATIONS = YES;
				CLANG_WARN_DIRECT_OBJC_ISA_USAGE = YES_ERROR;
				CLANG_WARN_DOCUMENTATION_COMMENTS = YES;
				CLANG_WARN_EMPTY_BODY = YES;
				CLANG_WARN_ENUM_CONVERSION = YES;
				CLANG_WARN_INFINITE_RECURSION = YES;
				CLANG_WARN_INT_CONVERSION = YES;
				CLANG_WARN_NON_LITERAL_NULL_CONVERSION = YES;
				CLANG_WARN_OBJC_IMPLICIT_RETAIN_SELF = YES;
				CLANG_WARN_OBJC_LITERAL_CONVERSION = YES;
				CLANG_WARN_OBJC_ROOT_CLASS = YES_ERROR;
				CLANG_WARN_RANGE_LOOP_ANALYSIS = YES;
				CLANG_WARN_STRICT_PROTOTYPES = YES;
				CLANG_WARN_SUSPICIOUS_MOVE = YES;
				CLANG_WARN_UNGUARDED_AVAILABILITY = YES_AGGRESSIVE;
				CLANG_WARN_UNREACHABLE_CODE = YES;
				CLANG_WARN__DUPLICATE_METHOD_MATCH = YES;
				CODE_SIGN_IDENTITY = "iPhone Developer";
				COPY_PHASE_STRIP = NO;
				DEBUG_INFORMATION_FORMAT = "dwarf-with-dsym";
				ENABLE_NS_ASSERTIONS = NO;
				ENABLE_STRICT_OBJC_MSGSEND = YES;
				GCC_C_LANGUAGE_STANDARD = gnu11;
				GCC_NO_COMMON_BLOCKS = YES;
				GCC_WARN_64_TO_32_BIT_CONVERSION = YES;
				GCC_WARN_ABOUT_RETURN_TYPE = YES_ERROR;
				GCC_WARN_UNDECLARED_SELECTOR = YES;
				GCC_WARN_UNINITIALIZED_AUTOS = YES_AGGRESSIVE;
				GCC_WARN_UNUSED_FUNCTION = YES;
				GCC_WARN_UNUSED_VARIABLE = YES;
				IPHONEOS_DEPLOYMENT_TARGET = 12.1;
				MTL_ENABLE_DEBUG_INFO = NO;
				MTL_FAST_MATH = YES;
				SDKROOT = iphoneos;
				SWIFT_COMPILATION_MODE = wholemodule;
				SWIFT_OPTIMIZATION_LEVEL = "-O";
				VALIDATE_PRODUCT = YES;
			};
			name = Release;
		};
		2446B08821B9A63F00B9D0A7 /* Debug */ = {
			isa = XCBuildConfiguration;
			buildSettings = {
				ASSETCATALOG_COMPILER_APPICON_NAME = AppIcon;
				CODE_SIGN_STYLE = Automatic;
				INFOPLIST_FILE = DDofD2/Info.plist;
				LD_RUNPATH_SEARCH_PATHS = (
					"$(inherited)",
					"@executable_path/Frameworks",
				);
				PRODUCT_BUNDLE_IDENTIFIER = borja.DDofD2;
				PRODUCT_NAME = "$(TARGET_NAME)";
				SWIFT_VERSION = 4.2;
				TARGETED_DEVICE_FAMILY = "1,2";
			};
			name = Debug;
		};
		2446B08921B9A63F00B9D0A7 /* Release */ = {
			isa = XCBuildConfiguration;
			buildSettings = {
				ASSETCATALOG_COMPILER_APPICON_NAME = AppIcon;
				CODE_SIGN_STYLE = Automatic;
				INFOPLIST_FILE = DDofD2/Info.plist;
				LD_RUNPATH_SEARCH_PATHS = (
					"$(inherited)",
					"@executable_path/Frameworks",
				);
				PRODUCT_BUNDLE_IDENTIFIER = borja.DDofD2;
				PRODUCT_NAME = "$(TARGET_NAME)";
				SWIFT_VERSION = 4.2;
				TARGETED_DEVICE_FAMILY = "1,2";
			};
			name = Release;
		};
		2446B08B21B9A63F00B9D0A7 /* Debug */ = {
			isa = XCBuildConfiguration;
			buildSettings = {
				ALWAYS_EMBED_SWIFT_STANDARD_LIBRARIES = YES;
				BUNDLE_LOADER = "$(TEST_HOST)";
				CODE_SIGN_STYLE = Automatic;
				INFOPLIST_FILE = DDofD2Tests/Info.plist;
				LD_RUNPATH_SEARCH_PATHS = (
					"$(inherited)",
					"@executable_path/Frameworks",
					"@loader_path/Frameworks",
				);
				PRODUCT_BUNDLE_IDENTIFIER = borja.DDofD2Tests;
				PRODUCT_NAME = "$(TARGET_NAME)";
				SWIFT_VERSION = 4.2;
				TARGETED_DEVICE_FAMILY = "1,2";
				TEST_HOST = "$(BUILT_PRODUCTS_DIR)/DDofD2.app/DDofD2";
			};
			name = Debug;
		};
		2446B08C21B9A63F00B9D0A7 /* Release */ = {
			isa = XCBuildConfiguration;
			buildSettings = {
				ALWAYS_EMBED_SWIFT_STANDARD_LIBRARIES = YES;
				BUNDLE_LOADER = "$(TEST_HOST)";
				CODE_SIGN_STYLE = Automatic;
				INFOPLIST_FILE = DDofD2Tests/Info.plist;
				LD_RUNPATH_SEARCH_PATHS = (
					"$(inherited)",
					"@executable_path/Frameworks",
					"@loader_path/Frameworks",
				);
				PRODUCT_BUNDLE_IDENTIFIER = borja.DDofD2Tests;
				PRODUCT_NAME = "$(TARGET_NAME)";
				SWIFT_VERSION = 4.2;
				TARGETED_DEVICE_FAMILY = "1,2";
				TEST_HOST = "$(BUILT_PRODUCTS_DIR)/DDofD2.app/DDofD2";
			};
			name = Release;
		};
		2446B08E21B9A63F00B9D0A7 /* Debug */ = {
			isa = XCBuildConfiguration;
			buildSettings = {
				ALWAYS_EMBED_SWIFT_STANDARD_LIBRARIES = YES;
				CODE_SIGN_STYLE = Automatic;
				INFOPLIST_FILE = DDofD2UITests/Info.plist;
				LD_RUNPATH_SEARCH_PATHS = (
					"$(inherited)",
					"@executable_path/Frameworks",
					"@loader_path/Frameworks",
				);
				PRODUCT_BUNDLE_IDENTIFIER = borja.DDofD2UITests;
				PRODUCT_NAME = "$(TARGET_NAME)";
				SWIFT_VERSION = 4.2;
				TARGETED_DEVICE_FAMILY = "1,2";
				TEST_TARGET_NAME = DDofD2;
			};
			name = Debug;
		};
		2446B08F21B9A63F00B9D0A7 /* Release */ = {
			isa = XCBuildConfiguration;
			buildSettings = {
				ALWAYS_EMBED_SWIFT_STANDARD_LIBRARIES = YES;
				CODE_SIGN_STYLE = Automatic;
				INFOPLIST_FILE = DDofD2UITests/Info.plist;
				LD_RUNPATH_SEARCH_PATHS = (
					"$(inherited)",
					"@executable_path/Frameworks",
					"@loader_path/Frameworks",
				);
				PRODUCT_BUNDLE_IDENTIFIER = borja.DDofD2UITests;
				PRODUCT_NAME = "$(TARGET_NAME)";
				SWIFT_VERSION = 4.2;
				TARGETED_DEVICE_FAMILY = "1,2";
				TEST_TARGET_NAME = DDofD2;
			};
			name = Release;
		};
/* End XCBuildConfiguration section */

/* Begin XCConfigurationList section */
		2446B05A21B9A63B00B9D0A7 /* Build configuration list for PBXProject "DDofD2" */ = {
			isa = XCConfigurationList;
			buildConfigurations = (
				2446B08521B9A63F00B9D0A7 /* Debug */,
				2446B08621B9A63F00B9D0A7 /* Release */,
			);
			defaultConfigurationIsVisible = 0;
			defaultConfigurationName = Release;
		};
		2446B08721B9A63F00B9D0A7 /* Build configuration list for PBXNativeTarget "DDofD2" */ = {
			isa = XCConfigurationList;
			buildConfigurations = (
				2446B08821B9A63F00B9D0A7 /* Debug */,
				2446B08921B9A63F00B9D0A7 /* Release */,
			);
			defaultConfigurationIsVisible = 0;
			defaultConfigurationName = Release;
		};
		2446B08A21B9A63F00B9D0A7 /* Build configuration list for PBXNativeTarget "DDofD2Tests" */ = {
			isa = XCConfigurationList;
			buildConfigurations = (
				2446B08B21B9A63F00B9D0A7 /* Debug */,
				2446B08C21B9A63F00B9D0A7 /* Release */,
			);
			defaultConfigurationIsVisible = 0;
			defaultConfigurationName = Release;
		};
		2446B08D21B9A63F00B9D0A7 /* Build configuration list for PBXNativeTarget "DDofD2UITests" */ = {
			isa = XCConfigurationList;
			buildConfigurations = (
				2446B08E21B9A63F00B9D0A7 /* Debug */,
				2446B08F21B9A63F00B9D0A7 /* Release */,
			);
			defaultConfigurationIsVisible = 0;
			defaultConfigurationName = Release;
		};
/* End XCConfigurationList section */
	};
	rootObject = 2446B05721B9A63B00B9D0A7 /* Project object */;
}
